
Microsoft Visual Studio Solution File, Format Version 12.00
# Visual Studio Version 16
VisualStudioVersion = 16.0.35425.106
MinimumVisualStudioVersion = 10.0.40219.1
Project("{FAE04EC0-301F-11D3-BF4B-00C04F79EFBC}") = "PreprocessorDemo", "PreprocessorDemo\PreprocessorDemo.csproj", "{76499832-4DA5-49EB-8E7F-8F6CF7844674}"
EndProject
Global
	GlobalSection(SolutionConfigurationPlatforms) = preSolution
		Debug|Any CPU = Debug|Any CPU
		Release|Any CPU = Release|Any CPU
	EndGlobalSection
	GlobalSection(ProjectConfigurationPlatforms) = postSolution
		{76499832-4DA5-49EB-8E7F-8F6CF7844674}.Debug|Any CPU.ActiveCfg = Debug|Any CPU
		{76499832-4DA5-49EB-8E7F-8F6CF7844674}.Debug|Any CPU.Build.0 = Debug|Any CPU
		{76499832-4DA5-49EB-8E7F-8F6CF7844674}.Release|Any CPU.ActiveCfg = Release|Any CPU
		{76499832-4DA5-49EB-8E7F-8F6CF7844674}.Release|Any CPU.Build.0 = Release|Any CPU
	EndGlobalSection
	GlobalSection(SolutionProperties) = preSolution
		HideSolutionNode = FALSE
	EndGlobalSection
	GlobalSection(ExtensibilityGlobals) = postSolution
		SolutionGuid = {C5544715-B75C-4665-BC10-24C00BEB444D}
	EndGlobalSection
EndGlobal
